{
    "name": "sepes-deployment",
    "version": "1.0.0",
    "lockfileVersion": 1,
    "requires": true,
    "dependencies": {
        "express-rate-limit": {
            "version": "6.1.0",
            "resolved": "https://registry.npmjs.org/express-rate-limit/-/express-rate-limit-6.1.0.tgz",
            "integrity": "sha512-OWyJUDYVq/hRxGU3ufTnXDer5bRBwFiq5D35ZSZ9B2EHdjulWO4bwrbg+iIrapodDZse/35obeOj7igRHuP3Zw=="
        }
    }
}
